
Microsoft Visual Studio Solution File, Format Version 12.00
# Visual Studio Version 17
VisualStudioVersion = 17.9.34728.123
MinimumVisualStudioVersion = 10.0.40219.1
Project("{9A19103F-16F7-4668-BE54-9A1E7A4F7556}") = "UrlLoader.Producer", "UrlLoader\UrlLoader.Producer.csproj", "{C6EAC29B-25DA-4321-933D-BAA726B8CD5A}"
EndProject
Project("{9A19103F-16F7-4668-BE54-9A1E7A4F7556}") = "UrlLoader.Consumer", "UrlLoaderWorker\UrlLoader.Consumer.csproj", "{3F364D8D-EF6C-48FE-8E49-8A4D3D51D74B}"
EndProject
Project("{FAE04EC0-301F-11D3-BF4B-00C04F79EFBC}") = "UrlRequest", "UrlRequest\UrlRequest.csproj", "{01E76671-86BD-4291-8A5F-1895A65328D8}"
EndProject
Global
	GlobalSection(SolutionConfigurationPlatforms) = preSolution
		Debug|Any CPU = Debug|Any CPU
		Release|Any CPU = Release|Any CPU
	EndGlobalSection
	GlobalSection(ProjectConfigurationPlatforms) = postSolution
		{C6EAC29B-25DA-4321-933D-BAA726B8CD5A}.Debug|Any CPU.ActiveCfg = Debug|Any CPU
		{C6EAC29B-25DA-4321-933D-BAA726B8CD5A}.Debug|Any CPU.Build.0 = Debug|Any CPU
		{C6EAC29B-25DA-4321-933D-BAA726B8CD5A}.Release|Any CPU.ActiveCfg = Release|Any CPU
		{C6EAC29B-25DA-4321-933D-BAA726B8CD5A}.Release|Any CPU.Build.0 = Release|Any CPU
		{3F364D8D-EF6C-48FE-8E49-8A4D3D51D74B}.Debug|Any CPU.ActiveCfg = Debug|Any CPU
		{3F364D8D-EF6C-48FE-8E49-8A4D3D51D74B}.Debug|Any CPU.Build.0 = Debug|Any CPU
		{3F364D8D-EF6C-48FE-8E49-8A4D3D51D74B}.Release|Any CPU.ActiveCfg = Release|Any CPU
		{3F364D8D-EF6C-48FE-8E49-8A4D3D51D74B}.Release|Any CPU.Build.0 = Release|Any CPU
		{01E76671-86BD-4291-8A5F-1895A65328D8}.Debug|Any CPU.ActiveCfg = Debug|Any CPU
		{01E76671-86BD-4291-8A5F-1895A65328D8}.Debug|Any CPU.Build.0 = Debug|Any CPU
		{01E76671-86BD-4291-8A5F-1895A65328D8}.Release|Any CPU.ActiveCfg = Release|Any CPU
		{01E76671-86BD-4291-8A5F-1895A65328D8}.Release|Any CPU.Build.0 = Release|Any CPU
	EndGlobalSection
	GlobalSection(SolutionProperties) = preSolution
		HideSolutionNode = FALSE
	EndGlobalSection
	GlobalSection(ExtensibilityGlobals) = postSolution
		SolutionGuid = {C12C7656-5337-4966-964C-87F860DED65F}
	EndGlobalSection
EndGlobal
