
Microsoft Visual Studio Solution File, Format Version 12.00
# Visual Studio Version 17
VisualStudioVersion = 17.9.34728.123
MinimumVisualStudioVersion = 10.0.40219.1
Project("{9A19103F-16F7-4668-BE54-9A1E7A4F7556}") = "UrlLoader.Producer", "UrlLoader\UrlLoader.Producer.csproj", "{C6EAC29B-25DA-4321-933D-BAA726B8CD5A}"
EndProject
Project("{9A19103F-16F7-4668-BE54-9A1E7A4F7556}") = "UrlLoader.Consumer", "UrlLoaderWorker\UrlLoader.Consumer.csproj", "{3F364D8D-EF6C-48FE-8E49-8A4D3D51D74B}"
EndProject
Project("{9A19103F-16F7-4668-BE54-9A1E7A4F7556}") = "MessageContract", "MessageContract\MessageContract.csproj", "{207CC18E-2A14-4A0B-9997-1376D2A61395}"
EndProject
Global
	GlobalSection(SolutionConfigurationPlatforms) = preSolution
		Debug|Any CPU = Debug|Any CPU
		Release|Any CPU = Release|Any CPU
	EndGlobalSection
	GlobalSection(ProjectConfigurationPlatforms) = postSolution
		{C6EAC29B-25DA-4321-933D-BAA726B8CD5A}.Debug|Any CPU.ActiveCfg = Debug|Any CPU
		{C6EAC29B-25DA-4321-933D-BAA726B8CD5A}.Debug|Any CPU.Build.0 = Debug|Any CPU
		{C6EAC29B-25DA-4321-933D-BAA726B8CD5A}.Release|Any CPU.ActiveCfg = Release|Any CPU
		{C6EAC29B-25DA-4321-933D-BAA726B8CD5A}.Release|Any CPU.Build.0 = Release|Any CPU
		{3F364D8D-EF6C-48FE-8E49-8A4D3D51D74B}.Debug|Any CPU.ActiveCfg = Debug|Any CPU
		{3F364D8D-EF6C-48FE-8E49-8A4D3D51D74B}.Debug|Any CPU.Build.0 = Debug|Any CPU
		{3F364D8D-EF6C-48FE-8E49-8A4D3D51D74B}.Release|Any CPU.ActiveCfg = Release|Any CPU
		{3F364D8D-EF6C-48FE-8E49-8A4D3D51D74B}.Release|Any CPU.Build.0 = Release|Any CPU
		{207CC18E-2A14-4A0B-9997-1376D2A61395}.Debug|Any CPU.ActiveCfg = Debug|Any CPU
		{207CC18E-2A14-4A0B-9997-1376D2A61395}.Debug|Any CPU.Build.0 = Debug|Any CPU
		{207CC18E-2A14-4A0B-9997-1376D2A61395}.Release|Any CPU.ActiveCfg = Release|Any CPU
		{207CC18E-2A14-4A0B-9997-1376D2A61395}.Release|Any CPU.Build.0 = Release|Any CPU
	EndGlobalSection
	GlobalSection(SolutionProperties) = preSolution
		HideSolutionNode = FALSE
	EndGlobalSection
	GlobalSection(ExtensibilityGlobals) = postSolution
		SolutionGuid = {C12C7656-5337-4966-964C-87F860DED65F}
	EndGlobalSection
EndGlobal
